version = 1
requires-python = "==3.12.7"

[[package]]
name = "advent-of-code"
version = "0.1.0"
source = { virtual = "." }
dependencies = [
    { name = "ruff" },
    { name = "uv" },
]

[package.metadata]
requires-dist = [
    { name = "ruff" },
    { name = "uv" },
]

[[package]]
name = "ruff"
version = "0.8.1"
source = { registry = "https://pypi.org/simple" }
sdist = { url = "https://files.pythonhosted.org/packages/95/d0/8ff5b189d125f4260f2255d143bf2fa413b69c2610c405ace7a0a8ec81ec/ruff-0.8.1.tar.gz", hash = "sha256:3583db9a6450364ed5ca3f3b4225958b24f78178908d5c4bc0f46251ccca898f", size = 3313222 }
wheels = [
    { url = "https://files.pythonhosted.org/packages/a2/d6/1a6314e568db88acdbb5121ed53e2c52cebf3720d3437a76f82f923bf171/ruff-0.8.1-py3-none-linux_armv6l.whl", hash = "sha256:fae0805bd514066f20309f6742f6ee7904a773eb9e6c17c45d6b1600ca65c9b5", size = 10532605 },
    { url = "https://files.pythonhosted.org/packages/89/a8/a957a8812e31facffb6a26a30be0b5b4af000a6e30c7d43a22a5232a3398/ruff-0.8.1-py3-none-macosx_10_12_x86_64.whl", hash = "sha256:b8a4f7385c2285c30f34b200ca5511fcc865f17578383db154e098150ce0a087", size = 10278243 },
    { url = "https://files.pythonhosted.org/packages/a8/23/9db40fa19c453fabf94f7a35c61c58f20e8200b4734a20839515a19da790/ruff-0.8.1-py3-none-macosx_11_0_arm64.whl", hash = "sha256:cd054486da0c53e41e0086e1730eb77d1f698154f910e0cd9e0d64274979a209", size = 9917739 },
    { url = "https://files.pythonhosted.org/packages/e2/a0/6ee2d949835d5701d832fc5acd05c0bfdad5e89cfdd074a171411f5ccad5/ruff-0.8.1-py3-none-manylinux_2_17_aarch64.manylinux2014_aarch64.whl", hash = "sha256:2029b8c22da147c50ae577e621a5bfbc5d1fed75d86af53643d7a7aee1d23871", size = 10779153 },
    { url = "https://files.pythonhosted.org/packages/7a/25/9c11dca9404ef1eb24833f780146236131a3c7941de394bc356912ef1041/ruff-0.8.1-py3-none-manylinux_2_17_armv7l.manylinux2014_armv7l.whl", hash = "sha256:2666520828dee7dfc7e47ee4ea0d928f40de72056d929a7c5292d95071d881d1", size = 10304387 },
    { url = "https://files.pythonhosted.org/packages/c8/b9/84c323780db1b06feae603a707d82dbbd85955c8c917738571c65d7d5aff/ruff-0.8.1-py3-none-manylinux_2_17_i686.manylinux2014_i686.whl", hash = "sha256:333c57013ef8c97a53892aa56042831c372e0bb1785ab7026187b7abd0135ad5", size = 11360351 },
    { url = "https://files.pythonhosted.org/packages/6b/e1/9d4bbb2ace7aad14ded20e4674a48cda5b902aed7a1b14e6b028067060c4/ruff-0.8.1-py3-none-manylinux_2_17_ppc64.manylinux2014_ppc64.whl", hash = "sha256:288326162804f34088ac007139488dcb43de590a5ccfec3166396530b58fb89d", size = 12022879 },
    { url = "https://files.pythonhosted.org/packages/75/28/752ff6120c0e7f9981bc4bc275d540c7f36db1379ba9db9142f69c88db21/ruff-0.8.1-py3-none-manylinux_2_17_ppc64le.manylinux2014_ppc64le.whl", hash = "sha256:b12c39b9448632284561cbf4191aa1b005882acbc81900ffa9f9f471c8ff7e26", size = 11610354 },
    { url = "https://files.pythonhosted.org/packages/ba/8c/967b61c2cc8ebd1df877607fbe462bc1e1220b4a30ae3352648aec8c24bd/ruff-0.8.1-py3-none-manylinux_2_17_s390x.manylinux2014_s390x.whl", hash = "sha256:364e6674450cbac8e998f7b30639040c99d81dfb5bbc6dfad69bc7a8f916b3d1", size = 12813976 },
    { url = "https://files.pythonhosted.org/packages/7f/29/e059f945d6bd2d90213387b8c360187f2fefc989ddcee6bbf3c241329b92/ruff-0.8.1-py3-none-manylinux_2_17_x86_64.manylinux2014_x86_64.whl", hash = "sha256:b22346f845fec132aa39cd29acb94451d030c10874408dbf776af3aaeb53284c", size = 11154564 },
    { url = "https://files.pythonhosted.org/packages/55/47/cbd05e5a62f3fb4c072bc65c1e8fd709924cad1c7ec60a1000d1e4ee8307/ruff-0.8.1-py3-none-musllinux_1_2_aarch64.whl", hash = "sha256:b2f2f7a7e7648a2bfe6ead4e0a16745db956da0e3a231ad443d2a66a105c04fa", size = 10760604 },
    { url = "https://files.pythonhosted.org/packages/bb/ee/4c3981c47147c72647a198a94202633130cfda0fc95cd863a553b6f65c6a/ruff-0.8.1-py3-none-musllinux_1_2_armv7l.whl", hash = "sha256:adf314fc458374c25c5c4a4a9270c3e8a6a807b1bec018cfa2813d6546215540", size = 10391071 },
    { url = "https://files.pythonhosted.org/packages/6b/e6/083eb61300214590b188616a8ac6ae1ef5730a0974240fb4bec9c17de78b/ruff-0.8.1-py3-none-musllinux_1_2_i686.whl", hash = "sha256:a885d68342a231b5ba4d30b8c6e1b1ee3a65cf37e3d29b3c74069cdf1ee1e3c9", size = 10896657 },
    { url = "https://files.pythonhosted.org/packages/77/bd/aacdb8285d10f1b943dbeb818968efca35459afc29f66ae3bd4596fbf954/ruff-0.8.1-py3-none-musllinux_1_2_x86_64.whl", hash = "sha256:d2c16e3508c8cc73e96aa5127d0df8913d2290098f776416a4b157657bee44c5", size = 11228362 },
    { url = "https://files.pythonhosted.org/packages/39/72/fcb7ad41947f38b4eaa702aca0a361af0e9c2bf671d7fd964480670c297e/ruff-0.8.1-py3-none-win32.whl", hash = "sha256:93335cd7c0eaedb44882d75a7acb7df4b77cd7cd0d2255c93b28791716e81790", size = 8803476 },
    { url = "https://files.pythonhosted.org/packages/e4/ea/cae9aeb0f4822c44651c8407baacdb2e5b4dcd7b31a84e1c5df33aa2cc20/ruff-0.8.1-py3-none-win_amd64.whl", hash = "sha256:2954cdbe8dfd8ab359d4a30cd971b589d335a44d444b6ca2cb3d1da21b75e4b6", size = 9614463 },
    { url = "https://files.pythonhosted.org/packages/eb/76/fbb4bd23dfb48fa7758d35b744413b650a9fd2ddd93bca77e30376864414/ruff-0.8.1-py3-none-win_arm64.whl", hash = "sha256:55873cc1a473e5ac129d15eccb3c008c096b94809d693fc7053f588b67822737", size = 8959621 },
]

[[package]]
name = "uv"
version = "0.5.5"
source = { registry = "https://pypi.org/simple" }
sdist = { url = "https://files.pythonhosted.org/packages/46/95/ba000f161640015c9f2ecc2681f38eb161b8edac600a0451b36e4ad15aa4/uv-0.5.5.tar.gz", hash = "sha256:7f8db4bdf7eaef6be271457c4b2a167f41ad115434944a09f5034018a29b4093", size = 2324705 }
wheels = [
    { url = "https://files.pythonhosted.org/packages/6d/91/ac61feea1b11e4dc342a4fd174f311b628a04ec3b4614a24676c4d214bd1/uv-0.5.5-py3-none-linux_armv6l.whl", hash = "sha256:d091e88a9c2c830169c3ccf95fd972759e0ab629dacc2d5eff525e5ba3583904", size = 13887911 },
    { url = "https://files.pythonhosted.org/packages/84/18/461af22fd1f80f86548013639ab345810dbf35aa44dff1732c6faf311a48/uv-0.5.5-py3-none-macosx_10_12_x86_64.whl", hash = "sha256:f0bfc7ced2fe0c85b3070dfa219072a1406133e18aab2f2fe10b6455ede0f8b2", size = 13900075 },
    { url = "https://files.pythonhosted.org/packages/68/5f/7a236ad48f81c580691f9e5f28dd47289a9819f18410f12ee3c621791efd/uv-0.5.5-py3-none-macosx_11_0_arm64.whl", hash = "sha256:553901e95cb5a4da1da19e288c29c5f886793f981750400e5cef48e3031b970b", size = 12869530 },
    { url = "https://files.pythonhosted.org/packages/94/d6/d6f441fd041fb4883332b999481896e28502b51681bcb786a001fb1e4a50/uv-0.5.5-py3-none-manylinux_2_17_aarch64.manylinux2014_aarch64.musllinux_1_1_aarch64.whl", hash = "sha256:a4f0c7647187044056dc6f6f5d31b01f445d8695eb7d2f442b29fd5c9216a56f", size = 13158009 },
    { url = "https://files.pythonhosted.org/packages/9b/3d/cc1e44e14266bbdb71eb020d14454f4f24f72fcc2eb84a52bf809e030918/uv-0.5.5-py3-none-manylinux_2_17_armv7l.manylinux2014_armv7l.whl", hash = "sha256:34e894c922ba29a59bbe812a458a7095a575f76b87dfc362e0c3f4f650d6f631", size = 13676515 },
    { url = "https://files.pythonhosted.org/packages/10/5f/b81ed7ab715687a790b9b06a6f4e2781d7f7222840eead0392c3ef6f80ea/uv-0.5.5-py3-none-manylinux_2_17_i686.manylinux2014_i686.whl", hash = "sha256:f5569798fc8eaad58fbb4fb70ced8f09ebe607fbbfb95fa42c559f57bbe0cabd", size = 14245499 },
    { url = "https://files.pythonhosted.org/packages/f7/e1/ce5a88bc5ed61ee310a8e0acc3fa3032280bb2d49514fd48b801bb36f96f/uv-0.5.5-py3-none-manylinux_2_17_ppc64.manylinux2014_ppc64.whl", hash = "sha256:59d53cce11718ce5d5367afc8c93ebcfc5e1cddfa4a44aedbf08d08d9b738381", size = 14920230 },
    { url = "https://files.pythonhosted.org/packages/03/84/6fa2deb5bed9dab815cb7f57e14885ecf8de22249b992f9c4ea5dd042c28/uv-0.5.5-py3-none-manylinux_2_17_ppc64le.manylinux2014_ppc64le.whl", hash = "sha256:3dee9517ebba13d07d8f139c439c5ff63e438d31ebda4d7eb0af8d0f0cc6a181", size = 14701845 },
    { url = "https://files.pythonhosted.org/packages/59/b2/7078d52a73c1e13d984c22fae1888993e5cd3f40cea029ab2666d79d92a7/uv-0.5.5-py3-none-manylinux_2_17_s390x.manylinux2014_s390x.whl", hash = "sha256:29286cd6b9f8e040d02894a67c6b6304811ea393ca9dfade109e93cf4b3b842c", size = 18963098 },
    { url = "https://files.pythonhosted.org/packages/b9/89/a91d927574ce2103d22b7beab319468d915a1d04757cf82b6eaf79b56a10/uv-0.5.5-py3-none-manylinux_2_17_x86_64.manylinux2014_x86_64.whl", hash = "sha256:0f7f04ae5a5430873d8610d8ea0a5d35df92e60bf701f80b3cf24857e0ac5e72", size = 14442788 },
    { url = "https://files.pythonhosted.org/packages/46/3d/2c5a9d362771aeef13c2ba1c9b1267b469e11331b874486f03f6c6fc5eb1/uv-0.5.5-py3-none-manylinux_2_28_aarch64.whl", hash = "sha256:5a47345ccafc0105b2f0cc22fcb0bb05be4d0e60df67f5beea28069b0bb372c8", size = 13394955 },
    { url = "https://files.pythonhosted.org/packages/cf/92/8d646385401472e7358cdf0fc86015edc9bf9132c9b79d7e2a11c300dd84/uv-0.5.5-py3-none-musllinux_1_1_armv7l.whl", hash = "sha256:b55d507bfe2bd2330c41680e4b0077972381f40975a59b53007254196abc4477", size = 13639522 },
    { url = "https://files.pythonhosted.org/packages/da/23/5e00b71f9c8b9c16f0947bf84b71265bafdf24947d2e271a657da00a0c6a/uv-0.5.5-py3-none-musllinux_1_1_i686.whl", hash = "sha256:365715e7247c2cd8ef661e8f96927b181248f689c07e48b076c9dbc78a4a0877", size = 13957451 },
    { url = "https://files.pythonhosted.org/packages/02/38/0c624a8d89416fa6c849c6670066c74f420aa898eafdf7cefd3adf77d686/uv-0.5.5-py3-none-musllinux_1_1_ppc64le.whl", hash = "sha256:0314a4b9a25bf00afe4e5472c338c8c6bd34688c23d63ce1ad35462cf087b492", size = 15840287 },
    { url = "https://files.pythonhosted.org/packages/a8/bd/1a81700d2555be504f0b1ff82f86d666384805e354c8eec2fdf7558d0cf9/uv-0.5.5-py3-none-musllinux_1_1_x86_64.whl", hash = "sha256:f4e9ddcffc29f009f692cda699912b02f6a12089d741b71d2fcd0b181eb71c5d", size = 14560282 },
    { url = "https://files.pythonhosted.org/packages/cd/71/c0b137c62a5a8ab5ecc0a8f505b77e5a05d5b94fd9da7560a247dac000f3/uv-0.5.5-py3-none-win32.whl", hash = "sha256:9af7018430da1f0960eee1592c820c343e2619f2d71f66c3be62da330826c537", size = 13810875 },
    { url = "https://files.pythonhosted.org/packages/e3/d8/56dbbe07aba3cf561fff52b8ed75ce7b694a0710ab676fae4cd7fbf1bdae/uv-0.5.5-py3-none-win_amd64.whl", hash = "sha256:69e15f24493d86c3a2da3764891e35a033ceda09404c1f9b386671d509db95f3", size = 15604848 },
]
